// !$*UTF8*$!
{
	archiveVersion = 1;
	classes = {
	};
	objectVersion = 50;
	objects = {

/* Begin PBXBuildFile section */
		7722879A25CED5420092FBF1 /* NairanApp.swift in Sources */ = {isa = PBXBuildFile; fileRef = 7722879925CED5420092FBF1 /* NairanApp.swift */; };
		7722879C25CED5420092FBF1 /* ContentView.swift in Sources */ = {isa = PBXBuildFile; fileRef = 7722879B25CED5420092FBF1 /* ContentView.swift */; };
		7722879E25CED5490092FBF1 /* Assets.xcassets in Resources */ = {isa = PBXBuildFile; fileRef = 7722879D25CED5490092FBF1 /* Assets.xcassets */; };
		772287A125CED5490092FBF1 /* Preview Assets.xcassets in Resources */ = {isa = PBXBuildFile; fileRef = 772287A025CED5490092FBF1 /* Preview Assets.xcassets */; };
		7775328A25CED92700687DF0 /* HouseView.swift in Sources */ = {isa = PBXBuildFile; fileRef = 7775328925CED92700687DF0 /* HouseView.swift */; };
		77CBFB6F25D6AD0200624774 /* ImagePickerView.swift in Sources */ = {isa = PBXBuildFile; fileRef = 77CBFB6E25D6AD0200624774 /* ImagePickerView.swift */; };
		77CBFB7325D77A9E00624774 /* CameraView.swift in Sources */ = {isa = PBXBuildFile; fileRef = 77CBFB7225D77A9E00624774 /* CameraView.swift */; };
		77D5562E25D1070A008E302D /* AdviceListItemView.swift in Sources */ = {isa = PBXBuildFile; fileRef = 77D5562D25D1070A008E302D /* AdviceListItemView.swift */; };
		77D5563125D109A0008E302D /* Advice.swift in Sources */ = {isa = PBXBuildFile; fileRef = 77D5563025D109A0008E302D /* Advice.swift */; };
/* End PBXBuildFile section */

/* Begin PBXFileReference section */
		7722879625CED5420092FBF1 /* Nairan.app */ = {isa = PBXFileReference; explicitFileType = wrapper.application; includeInIndex = 0; path = Nairan.app; sourceTree = BUILT_PRODUCTS_DIR; };
		7722879925CED5420092FBF1 /* NairanApp.swift */ = {isa = PBXFileReference; lastKnownFileType = sourcecode.swift; path = NairanApp.swift; sourceTree = "<group>"; };
		7722879B25CED5420092FBF1 /* ContentView.swift */ = {isa = PBXFileReference; lastKnownFileType = sourcecode.swift; path = ContentView.swift; sourceTree = "<group>"; };
		7722879D25CED5490092FBF1 /* Assets.xcassets */ = {isa = PBXFileReference; lastKnownFileType = folder.assetcatalog; path = Assets.xcassets; sourceTree = "<group>"; };
		772287A025CED5490092FBF1 /* Preview Assets.xcassets */ = {isa = PBXFileReference; lastKnownFileType = folder.assetcatalog; path = "Preview Assets.xcassets"; sourceTree = "<group>"; };
		772287A225CED5490092FBF1 /* Info.plist */ = {isa = PBXFileReference; lastKnownFileType = text.plist.xml; path = Info.plist; sourceTree = "<group>"; };
		7775328925CED92700687DF0 /* HouseView.swift */ = {isa = PBXFileReference; lastKnownFileType = sourcecode.swift; path = HouseView.swift; sourceTree = "<group>"; };
		77CBFB6E25D6AD0200624774 /* ImagePickerView.swift */ = {isa = PBXFileReference; lastKnownFileType = sourcecode.swift; path = ImagePickerView.swift; sourceTree = "<group>"; };
		77CBFB7225D77A9E00624774 /* CameraView.swift */ = {isa = PBXFileReference; lastKnownFileType = sourcecode.swift; path = CameraView.swift; sourceTree = "<group>"; };
		77D5562D25D1070A008E302D /* AdviceListItemView.swift */ = {isa = PBXFileReference; lastKnownFileType = sourcecode.swift; path = AdviceListItemView.swift; sourceTree = "<group>"; };
		77D5563025D109A0008E302D /* Advice.swift */ = {isa = PBXFileReference; lastKnownFileType = sourcecode.swift; path = Advice.swift; sourceTree = "<group>"; };
/* End PBXFileReference section */

/* Begin PBXFrameworksBuildPhase section */
		7722879325CED5410092FBF1 /* Frameworks */ = {
			isa = PBXFrameworksBuildPhase;
			buildActionMask = 2147483647;
			files = (
			);
			runOnlyForDeploymentPostprocessing = 0;
		};
/* End PBXFrameworksBuildPhase section */

/* Begin PBXGroup section */
		7722878D25CED5410092FBF1 = {
			isa = PBXGroup;
			children = (
				7722879825CED5420092FBF1 /* Nairan */,
				7722879725CED5420092FBF1 /* Products */,
			);
			sourceTree = "<group>";
		};
		7722879725CED5420092FBF1 /* Products */ = {
			isa = PBXGroup;
			children = (
				7722879625CED5420092FBF1 /* Nairan.app */,
			);
			name = Products;
			sourceTree = "<group>";
		};
		7722879825CED5420092FBF1 /* Nairan */ = {
			isa = PBXGroup;
			children = (
				7722879925CED5420092FBF1 /* NairanApp.swift */,
				7722879B25CED5420092FBF1 /* ContentView.swift */,
				7722879D25CED5490092FBF1 /* Assets.xcassets */,
				772287A225CED5490092FBF1 /* Info.plist */,
				7722879F25CED5490092FBF1 /* Preview Content */,
				7775328925CED92700687DF0 /* HouseView.swift */,
				77D5562D25D1070A008E302D /* AdviceListItemView.swift */,
				77D5563025D109A0008E302D /* Advice.swift */,
				77CBFB6E25D6AD0200624774 /* ImagePickerView.swift */,
				77CBFB7225D77A9E00624774 /* CameraView.swift */,
			);
			path = Nairan;
			sourceTree = "<group>";
		};
		7722879F25CED5490092FBF1 /* Preview Content */ = {
			isa = PBXGroup;
			children = (
				772287A025CED5490092FBF1 /* Preview Assets.xcassets */,
			);
			path = "Preview Content";
			sourceTree = "<group>";
		};
/* End PBXGroup section */

/* Begin PBXNativeTarget section */
		7722879525CED5410092FBF1 /* Nairan */ = {
			isa = PBXNativeTarget;
			buildConfigurationList = 772287A525CED5490092FBF1 /* Build configuration list for PBXNativeTarget "Nairan" */;
			buildPhases = (
				7722879225CED5410092FBF1 /* Sources */,
				7722879325CED5410092FBF1 /* Frameworks */,
				7722879425CED5410092FBF1 /* Resources */,
			);
			buildRules = (
			);
			dependencies = (
			);
			name = Nairan;
			productName = Nairan;
			productReference = 7722879625CED5420092FBF1 /* Nairan.app */;
			productType = "com.apple.product-type.application";
		};
/* End PBXNativeTarget section */

/* Begin PBXProject section */
		7722878E25CED5410092FBF1 /* Project object */ = {
			isa = PBXProject;
			attributes = {
				LastSwiftUpdateCheck = 1240;
				LastUpgradeCheck = 1240;
				TargetAttributes = {
					7722879525CED5410092FBF1 = {
						CreatedOnToolsVersion = 12.4;
					};
				};
			};
			buildConfigurationList = 7722879125CED5410092FBF1 /* Build configuration list for PBXProject "Nairan" */;
			compatibilityVersion = "Xcode 9.3";
			developmentRegion = en;
			hasScannedForEncodings = 0;
			knownRegions = (
				en,
				Base,
			);
			mainGroup = 7722878D25CED5410092FBF1;
			productRefGroup = 7722879725CED5420092FBF1 /* Products */;
			projectDirPath = "";
			projectRoot = "";
			targets = (
				7722879525CED5410092FBF1 /* Nairan */,
			);
		};
/* End PBXProject section */

/* Begin PBXResourcesBuildPhase section */
		7722879425CED5410092FBF1 /* Resources */ = {
			isa = PBXResourcesBuildPhase;
			buildActionMask = 2147483647;
			files = (
				772287A125CED5490092FBF1 /* Preview Assets.xcassets in Resources */,
				7722879E25CED5490092FBF1 /* Assets.xcassets in Resources */,
			);
			runOnlyForDeploymentPostprocessing = 0;
		};
/* End PBXResourcesBuildPhase section */

/* Begin PBXSourcesBuildPhase section */
		7722879225CED5410092FBF1 /* Sources */ = {
			isa = PBXSourcesBuildPhase;
			buildActionMask = 2147483647;
			files = (
				7775328A25CED92700687DF0 /* HouseView.swift in Sources */,
				77CBFB7325D77A9E00624774 /* CameraView.swift in Sources */,
				77D5562E25D1070A008E302D /* AdviceListItemView.swift in Sources */,
				77D5563125D109A0008E302D /* Advice.swift in Sources */,
				77CBFB6F25D6AD0200624774 /* ImagePickerView.swift in Sources */,
				7722879C25CED5420092FBF1 /* ContentView.swift in Sources */,
				7722879A25CED5420092FBF1 /* NairanApp.swift in Sources */,
			);
			runOnlyForDeploymentPostprocessing = 0;
		};
/* End PBXSourcesBuildPhase section */

/* Begin XCBuildConfiguration section */
		772287A325CED5490092FBF1 /* Debug */ = {
			isa = XCBuildConfiguration;
			buildSettings = {
				ALWAYS_SEARCH_USER_PATHS = NO;
				CLANG_ANALYZER_NONNULL = YES;
				CLANG_ANALYZER_NUMBER_OBJECT_CONVERSION = YES_AGGRESSIVE;
				CLANG_CXX_LANGUAGE_STANDARD = "gnu++14";
				CLANG_CXX_LIBRARY = "libc++";
				CLANG_ENABLE_MODULES = YES;
				CLANG_ENABLE_OBJC_ARC = YES;
				CLANG_ENABLE_OBJC_WEAK = YES;
				CLANG_WARN_BLOCK_CAPTURE_AUTORELEASING = YES;
				CLANG_WARN_BOOL_CONVERSION = YES;
				CLANG_WARN_COMMA = YES;
				CLANG_WARN_CONSTANT_CONVERSION = YES;
				CLANG_WARN_DEPRECATED_OBJC_IMPLEMENTATIONS = YES;
				CLANG_WARN_DIRECT_OBJC_ISA_USAGE = YES_ERROR;
				CLANG_WARN_DOCUMENTATION_COMMENTS = YES;
				CLANG_WARN_EMPTY_BODY = YES;
				CLANG_WARN_ENUM_CONVERSION = YES;
				CLANG_WARN_INFINITE_RECURSION = YES;
				CLANG_WARN_INT_CONVERSION = YES;
				CLANG_WARN_NON_LITERAL_NULL_CONVERSION = YES;
				CLANG_WARN_OBJC_IMPLICIT_RETAIN_SELF = YES;
				CLANG_WARN_OBJC_LITERAL_CONVERSION = YES;
				CLANG_WARN_OBJC_ROOT_CLASS = YES_ERROR;
				CLANG_WARN_QUOTED_INCLUDE_IN_FRAMEWORK_HEADER = YES;
				CLANG_WARN_RANGE_LOOP_ANALYSIS = YES;
				CLANG_WARN_STRICT_PROTOTYPES = YES;
				CLANG_WARN_SUSPICIOUS_MOVE = YES;
				CLANG_WARN_UNGUARDED_AVAILABILITY = YES_AGGRESSIVE;
				CLANG_WARN_UNREACHABLE_CODE = YES;
				CLANG_WARN__DUPLICATE_METHOD_MATCH = YES;
				COPY_PHASE_STRIP = NO;
				DEBUG_INFORMATION_FORMAT = dwarf;
				ENABLE_STRICT_OBJC_MSGSEND = YES;
				ENABLE_TESTABILITY = YES;
				GCC_C_LANGUAGE_STANDARD = gnu11;
				GCC_DYNAMIC_NO_PIC = NO;
				GCC_NO_COMMON_BLOCKS = YES;
				GCC_OPTIMIZATION_LEVEL = 0;
				GCC_PREPROCESSOR_DEFINITIONS = (
					"DEBUG=1",
					"$(inherited)",
				);
				GCC_WARN_64_TO_32_BIT_CONVERSION = YES;
				GCC_WARN_ABOUT_RETURN_TYPE = YES_ERROR;
				GCC_WARN_UNDECLARED_SELECTOR = YES;
				GCC_WARN_UNINITIALIZED_AUTOS = YES_AGGRESSIVE;
				GCC_WARN_UNUSED_FUNCTION = YES;
				GCC_WARN_UNUSED_VARIABLE = YES;
				IPHONEOS_DEPLOYMENT_TARGET = 14.4;
				MTL_ENABLE_DEBUG_INFO = INCLUDE_SOURCE;
				MTL_FAST_MATH = YES;
				ONLY_ACTIVE_ARCH = YES;
				SDKROOT = iphoneos;
				SWIFT_ACTIVE_COMPILATION_CONDITIONS = DEBUG;
				SWIFT_OPTIMIZATION_LEVEL = "-Onone";
			};
			name = Debug;
		};
		772287A425CED5490092FBF1 /* Release */ = {
			isa = XCBuildConfiguration;
			buildSettings = {
				ALWAYS_SEARCH_USER_PATHS = NO;
				CLANG_ANALYZER_NONNULL = YES;
				CLANG_ANALYZER_NUMBER_OBJECT_CONVERSION = YES_AGGRESSIVE;
				CLANG_CXX_LANGUAGE_STANDARD = "gnu++14";
				CLANG_CXX_LIBRARY = "libc++";
				CLANG_ENABLE_MODULES = YES;
				CLANG_ENABLE_OBJC_ARC = YES;
				CLANG_ENABLE_OBJC_WEAK = YES;
				CLANG_WARN_BLOCK_CAPTURE_AUTORELEASING = YES;
				CLANG_WARN_BOOL_CONVERSION = YES;
				CLANG_WARN_COMMA = YES;
				CLANG_WARN_CONSTANT_CONVERSION = YES;
				CLANG_WARN_DEPRECATED_OBJC_IMPLEMENTATIONS = YES;
				CLANG_WARN_DIRECT_OBJC_ISA_USAGE = YES_ERROR;
				CLANG_WARN_DOCUMENTATION_COMMENTS = YES;
				CLANG_WARN_EMPTY_BODY = YES;
				CLANG_WARN_ENUM_CONVERSION = YES;
				CLANG_WARN_INFINITE_RECURSION = YES;
				CLANG_WARN_INT_CONVERSION = YES;
				CLANG_WARN_NON_LITERAL_NULL_CONVERSION = YES;
				CLANG_WARN_OBJC_IMPLICIT_RETAIN_SELF = YES;
				CLANG_WARN_OBJC_LITERAL_CONVERSION = YES;
				CLANG_WARN_OBJC_ROOT_CLASS = YES_ERROR;
				CLANG_WARN_QUOTED_INCLUDE_IN_FRAMEWORK_HEADER = YES;
				CLANG_WARN_RANGE_LOOP_ANALYSIS = YES;
				CLANG_WARN_STRICT_PROTOTYPES = YES;
				CLANG_WARN_SUSPICIOUS_MOVE = YES;
				CLANG_WARN_UNGUARDED_AVAILABILITY = YES_AGGRESSIVE;
				CLANG_WARN_UNREACHABLE_CODE = YES;
				CLANG_WARN__DUPLICATE_METHOD_MATCH = YES;
				COPY_PHASE_STRIP = NO;
				DEBUG_INFORMATION_FORMAT = "dwarf-with-dsym";
				ENABLE_NS_ASSERTIONS = NO;
				ENABLE_STRICT_OBJC_MSGSEND = YES;
				GCC_C_LANGUAGE_STANDARD = gnu11;
				GCC_NO_COMMON_BLOCKS = YES;
				GCC_WARN_64_TO_32_BIT_CONVERSION = YES;
				GCC_WARN_ABOUT_RETURN_TYPE = YES_ERROR;
				GCC_WARN_UNDECLARED_SELECTOR = YES;
				GCC_WARN_UNINITIALIZED_AUTOS = YES_AGGRESSIVE;
				GCC_WARN_UNUSED_FUNCTION = YES;
				GCC_WARN_UNUSED_VARIABLE = YES;
				IPHONEOS_DEPLOYMENT_TARGET = 14.4;
				MTL_ENABLE_DEBUG_INFO = NO;
				MTL_FAST_MATH = YES;
				SDKROOT = iphoneos;
				SWIFT_COMPILATION_MODE = wholemodule;
				SWIFT_OPTIMIZATION_LEVEL = "-O";
				VALIDATE_PRODUCT = YES;
			};
			name = Release;
		};
		772287A625CED5490092FBF1 /* Debug */ = {
			isa = XCBuildConfiguration;
			buildSettings = {
				ASSETCATALOG_COMPILER_APPICON_NAME = AppIcon;
				ASSETCATALOG_COMPILER_GLOBAL_ACCENT_COLOR_NAME = AccentColor;
				CODE_SIGN_STYLE = Automatic;
				DEVELOPMENT_ASSET_PATHS = "\"Nairan/Preview Content\"";
				DEVELOPMENT_TEAM = RF8YQ9BMRR;
				ENABLE_PREVIEWS = YES;
				INFOPLIST_FILE = Nairan/Info.plist;
				IPHONEOS_DEPLOYMENT_TARGET = 14.0;
				LD_RUNPATH_SEARCH_PATHS = (
					"$(inherited)",
					"@executable_path/Frameworks",
				);
				PRODUCT_BUNDLE_IDENTIFIER = com.t000y.Nairan;
				PRODUCT_NAME = "$(TARGET_NAME)";
				SWIFT_VERSION = 5.0;
				TARGETED_DEVICE_FAMILY = "1,2";
			};
			name = Debug;
		};
		772287A725CED5490092FBF1 /* Release */ = {
			isa = XCBuildConfiguration;
			buildSettings = {
				ASSETCATALOG_COMPILER_APPICON_NAME = AppIcon;
				ASSETCATALOG_COMPILER_GLOBAL_ACCENT_COLOR_NAME = AccentColor;
				CODE_SIGN_STYLE = Automatic;
				DEVELOPMENT_ASSET_PATHS = "\"Nairan/Preview Content\"";
				DEVELOPMENT_TEAM = RF8YQ9BMRR;
				ENABLE_PREVIEWS = YES;
				INFOPLIST_FILE = Nairan/Info.plist;
				IPHONEOS_DEPLOYMENT_TARGET = 14.0;
				LD_RUNPATH_SEARCH_PATHS = (
					"$(inherited)",
					"@executable_path/Frameworks",
				);
				PRODUCT_BUNDLE_IDENTIFIER = com.t000y.Nairan;
				PRODUCT_NAME = "$(TARGET_NAME)";
				SWIFT_VERSION = 5.0;
				TARGETED_DEVICE_FAMILY = "1,2";
			};
			name = Release;
		};
/* End XCBuildConfiguration section */

/* Begin XCConfigurationList section */
		7722879125CED5410092FBF1 /* Build configuration list for PBXProject "Nairan" */ = {
			isa = XCConfigurationList;
			buildConfigurations = (
				772287A325CED5490092FBF1 /* Debug */,
				772287A425CED5490092FBF1 /* Release */,
			);
			defaultConfigurationIsVisible = 0;
			defaultConfigurationName = Release;
		};
		772287A525CED5490092FBF1 /* Build configuration list for PBXNativeTarget "Nairan" */ = {
			isa = XCConfigurationList;
			buildConfigurations = (
				772287A625CED5490092FBF1 /* Debug */,
				772287A725CED5490092FBF1 /* Release */,
			);
			defaultConfigurationIsVisible = 0;
			defaultConfigurationName = Release;
		};
/* End XCConfigurationList section */
	};
	rootObject = 7722878E25CED5410092FBF1 /* Project object */;
}
